{
    "hash": "496757897c1b09b1ccb446f36270e2a8",
    "packages": [
        {
            "name": "kdyby/bootstrap-form-renderer",
            "version": "v1.1.0",
            "target-dir": "Kdyby/Extension/Forms/BootstrapRenderer",
            "source": {
                "type": "git",
                "url": "https://github.com/Kdyby/BootstrapFormRenderer",
                "reference": "v1.1.0"
            },
            "dist": {
                "type": "zip",
                "url": "https://github.com/Kdyby/BootstrapFormRenderer/archive/v1.1.0.zip",
                "reference": "v1.1.0",
                "shasum": ""
            },
            "require": {
                "nette/nette": "2.0.*"
            },
            "conflict": {
                "kdyby/framework": "self.version"
            },
            "time": "2012-12-21 14:50:22",
            "type": "library",
            "autoload": {
                "psr-0": {
                    "Kdyby\\Extension\\Forms\\BootstrapRenderer": ""
                }
            },
            "notification-url": "https://packagist.org/downloads/",
            "license": [
                "BSD-3-Clause",
                "GPL-2.0",
                "GPL-3.0"
            ],
            "authors": [
                {
                    "name": "Filip Procházka",
                    "homepage": "http://filip-prochazka.com"
                }
            ],
            "description": "Nette forms renderer with bootstrap",
            "homepage": "http://kdyby.org",
            "keywords": [
                "bootstrap",
                "Forms",
                "nette",
                "kdyby"
            ]
        },
        {
            "name": "kdyby/curl",
            "version": "dev-master",
            "source": {
                "type": "git",
                "url": "https://github.com/Kdyby/Curl",
                "reference": "90b8adcfff085df2eebf53b633fd81083b037ddc"
            },
            "dist": {
                "type": "zip",
                "url": "https://api.github.com/repos/Kdyby/Curl/zipball/90b8adcfff085df2eebf53b633fd81083b037ddc",
                "reference": "90b8adcfff085df2eebf53b633fd81083b037ddc",
                "shasum": ""
            },
            "require": {
                "ext-curl": "*",
                "nette/nette": "@dev"
            },
            "require-dev": {
                "nette/tester": "@dev"
            },
            "time": "2013-01-30 16:16:40",
            "type": "library",
            "autoload": {
                "psr-0": {
                    "Kdyby\\Curl": "src/"
                },
                "classmap": [
                    "src/Kdyby/Curl/exceptions.php"
                ]
            },
            "notification-url": "https://packagist.org/downloads/",
            "license": [
                "BSD-3-Clause",
                "GPL-2.0",
                "GPL-3.0"
            ],
            "authors": [
                {
                    "name": "Filip Procházka",
                    "homepage": "http://filip-prochazka.com"
                }
            ],
            "description": "Curl wrapper for Nette Framework",
            "homepage": "http://kdyby.org",
            "keywords": [
                "curl",
                "http",
                "nette"
            ]
        },
        {
            "name": "nette/nette",
            "version": "v2.0.8",
            "source": {
                "type": "git",
                "url": "http://github.com/nette/nette",
                "reference": "v2.0.8"
            },
            "dist": {
                "type": "zip",
                "url": "https://github.com/nette/nette/archive/v2.0.8.zip",
                "reference": "v2.0.8",
                "shasum": ""
            },
            "require": {
                "php": ">=5.3.0",
                "ext-iconv": "*",
                "ext-tokenizer": "*"
            },
            "require-dev": {
                "nette/tester": "@dev"
            },
            "suggest": {
                "ext-mbstring": "*",
                "ext-pdo": "*",
                "ext-memcache": "*",
                "ext-gd": "*",
                "ext-fileinfo": "*"
            },
            "time": "2013-01-01 20:42:38",
            "type": "library",
            "extra": {
                "branch-alias": {
                    "dev-master": "2.1-dev"
                }
            },
            "autoload": {
                "files": [
                    "Nette/loader.php"
                ]
            },
            "notification-url": "https://packagist.org/downloads/",
            "license": [
                "BSD-3-Clause",
                "GPL-2.0",
                "GPL-3.0"
            ],
            "authors": [
                {
                    "name": "David Grudl",
                    "homepage": "http://davidgrudl.com"
                },
                {
                    "name": "Nette Community",
                    "homepage": "http://nette.org/contributors"
                }
            ],
            "description": "Nette Framework - innovative framework for fast and easy development of secured web applications in PHP. Write less, have cleaner code and your work will bring you joy.",
            "homepage": "http://nette.org",
            "keywords": [
                "templating",
                "framework",
                "database",
                "dbal",
                "debugging",
                "mvc",
                "micro",
                "Forms",
                "latte",
                "neon",
                "mailing",
                "images"
            ]
        }
    ],
    "packages-dev": null,
    "aliases": [

    ],
    "minimum-stability": "stable",
    "stability-flags": {
        "kdyby/curl": 20
    }
}
