{
    "hash": "bbe38b8ce39ead1c129c5b074ea9db86",
    "packages": [
        {
            "name": "kdyby/bootstrap-form-renderer",
            "version": "v1.1.0",
            "target-dir": "Kdyby/Extension/Forms/BootstrapRenderer",
            "source": {
                "type": "git",
                "url": "https://github.com/Kdyby/BootstrapFormRenderer",
                "reference": "v1.1.0"
            },
            "dist": {
                "type": "zip",
                "url": "https://github.com/Kdyby/BootstrapFormRenderer/archive/v1.1.0.zip",
                "reference": "v1.1.0",
                "shasum": ""
            },
            "require": {
                "nette/nette": "2.0.*"
            },
            "conflict": {
                "kdyby/framework": "self.version"
            },
            "time": "2012-12-21 14:50:22",
            "type": "library",
            "autoload": {
                "psr-0": {
                    "Kdyby\\Extension\\Forms\\BootstrapRenderer": ""
                }
            },
            "notification-url": "https://packagist.org/downloads/",
            "license": [
                "BSD-3-Clause",
                "GPL-2.0",
                "GPL-3.0"
            ],
            "authors": [
                {
                    "name": "Filip Procházka",
                    "homepage": "http://filip-prochazka.com"
                }
            ],
            "description": "Nette forms renderer with bootstrap",
            "homepage": "http://kdyby.org",
            "keywords": [
                "bootstrap",
                "Forms",
                "nette",
                "kdyby"
            ]
        },
        {
            "name": "kdyby/curl",
            "version": "dev-master",
            "source": {
                "type": "git",
                "url": "https://github.com/Kdyby/Curl",
                "reference": "90b8adcfff085df2eebf53b633fd81083b037ddc"
            },
            "dist": {
                "type": "zip",
                "url": "https://api.github.com/repos/Kdyby/Curl/zipball/90b8adcfff085df2eebf53b633fd81083b037ddc",
                "reference": "90b8adcfff085df2eebf53b633fd81083b037ddc",
                "shasum": ""
            },
            "require": {
                "ext-curl": "*",
                "nette/nette": "@dev"
            },
            "require-dev": {
                "nette/tester": "@dev"
            },
            "time": "2013-01-30 16:16:40",
            "type": "library",
            "autoload": {
                "psr-0": {
                    "Kdyby\\Curl": "src/"
                },
                "classmap": [
                    "src/Kdyby/Curl/exceptions.php"
                ]
            },
            "notification-url": "https://packagist.org/downloads/",
            "license": [
                "BSD-3-Clause",
                "GPL-2.0",
                "GPL-3.0"
            ],
            "authors": [
                {
                    "name": "Filip Procházka",
                    "homepage": "http://filip-prochazka.com"
                }
            ],
            "description": "Curl wrapper for Nette Framework",
            "homepage": "http://kdyby.org",
            "keywords": [
                "curl",
                "http",
                "nette"
            ]
        },
        {
            "name": "nette/nette",
            "version": "v2.0.8",
            "source": {
                "type": "git",
                "url": "http://github.com/nette/nette",
                "reference": "v2.0.8"
            },
            "dist": {
                "type": "zip",
                "url": "https://github.com/nette/nette/archive/v2.0.8.zip",
                "reference": "v2.0.8",
                "shasum": ""
            },
            "require": {
                "php": ">=5.3.0",
                "ext-iconv": "*",
                "ext-tokenizer": "*"
            },
            "require-dev": {
                "nette/tester": "@dev"
            },
            "suggest": {
                "ext-mbstring": "*",
                "ext-pdo": "*",
                "ext-memcache": "*",
                "ext-gd": "*",
                "ext-fileinfo": "*"
            },
            "time": "2013-01-01 20:42:38",
            "type": "library",
            "extra": {
                "branch-alias": {
                    "dev-master": "2.1-dev"
                }
            },
            "autoload": {
                "files": [
                    "Nette/loader.php"
                ]
            },
            "notification-url": "https://packagist.org/downloads/",
            "license": [
                "BSD-3-Clause",
                "GPL-2.0",
                "GPL-3.0"
            ],
            "authors": [
                {
                    "name": "David Grudl",
                    "homepage": "http://davidgrudl.com"
                },
                {
                    "name": "Nette Community",
                    "homepage": "http://nette.org/contributors"
                }
            ],
            "description": "Nette Framework - innovative framework for fast and easy development of secured web applications in PHP. Write less, have cleaner code and your work will bring you joy.",
            "homepage": "http://nette.org",
            "keywords": [
                "templating",
                "framework",
                "database",
                "dbal",
                "debugging",
                "mvc",
                "micro",
                "Forms",
                "latte",
                "neon",
                "mailing",
                "images"
            ]
        },
        {
            "name": "o5/grido",
            "version": "dev-master",
            "source": {
                "type": "git",
                "url": "git://github.com/o5/grido.git",
                "reference": "8c10a5052d6f9e3e49053d39c0c5dbfc2691308b"
            },
            "dist": {
                "type": "zip",
                "url": "https://api.github.com/repos/o5/grido/zipball/8c10a5052d6f9e3e49053d39c0c5dbfc2691308b",
                "reference": "8c10a5052d6f9e3e49053d39c0c5dbfc2691308b",
                "shasum": ""
            },
            "require": {
                "php": ">=5.3.1",
                "nette/nette": "2.0.*"
            },
            "time": "2013-02-04 17:03:45",
            "type": "library",
            "autoload": {
                "psr-0": {
                    "Grido": "libs/"
                }
            },
            "license": [
                "BSD-3",
                "GPL-2.0",
                "GPL-3.0"
            ],
            "authors": [
                {
                    "name": "Petr Bugyík",
                    "homepage": "http://petr.bugyik.cz/",
                    "role": "Developer"
                }
            ],
            "description": "Grido - DataGrid for Nette Framework",
            "homepage": "http://o5.github.com/grido-sandbox/",
            "keywords": [
                "datagrid",
                "datalist",
                "tablegrid",
                "grid",
                "list",
                "table",
                "nette"
            ],
            "support": {
                "issues": "https://github.com/o5/grido/issues/",
                "forum": "http://forum.nette.org/cs/13109-grido-datagrid-pro-nette/",
                "source": "https://github.com/o5/grido/tree/master"
            }
        }
    ],
    "packages-dev": null,
    "aliases": [

    ],
    "minimum-stability": "stable",
    "stability-flags": {
        "kdyby/curl": 20,
        "o5/grido": 20
    }
}
